dependencies:
- name: argo-cd
  repository: https://argoproj.github.io/argo-helm
  version: 7.9.1
- name: kube-prometheus-stack
  repository: https://prometheus-community.github.io/helm-charts
  version: 65.8.1
- name: yugabyte
  repository: https://charts.yugabyte.com
  version: 2.25.2
digest: sha256:af654ecb3110cbd375132df316fb636bcc1155be51b1295d07f729d1c7d13f33
generated: "2026-06-29T18:18:29.232155-07:00"
